<?xml version="1.0" encoding="UTF-8" standalone="yes" ?>
<CodeBlocks_project_file>
	<FileVersion major="1" minor="6" />
	<Project>
		<Option title="Listas_de_listas" />
		<Option pch_mode="2" />
		<Option compiler="gcc" />
		<Build>
			<Target title="Debug">
				<Option output="bin/Debug/Listas_de_listas" prefix_auto="1" extension_auto="1" />
				<Option object_output="obj/Debug/" />
				<Option type="1" />
				<Option compiler="gcc" />
				<Compiler>
					<Add option="-g" />
					<Add directory="include" />
				</Compiler>
			</Target>
			<Target title="Release">
				<Option output="bin/Release/Listas_de_listas" prefix_auto="1" extension_auto="1" />
				<Option object_output="obj/Release/" />
				<Option type="1" />
				<Option compiler="gcc" />
				<Compiler>
					<Add option="-O2" />
					<Add directory="include" />
				</Compiler>
				<Linker>
					<Add option="-s" />
				</Linker>
			</Target>
		</Build>
		<Compiler>
			<Add option="-Wall" />
			<Add option="-fexceptions" />
		</Compiler>
		<Unit filename="include/lista_alumnos.h" />
		<Unit filename="include/lista_cursos.h" />
		<Unit filename="include/nodo_alumno.h" />
		<Unit filename="include/nodo_curso.h" />
		<Unit filename="main.cpp" />
		<Unit filename="src/lista_alumnos.cpp" />
		<Unit filename="src/lista_cursos.cpp" />
		<Unit filename="src/nodo_alumno.cpp" />
		<Unit filename="src/nodo_curso.cpp" />
		<Extensions />
	</Project>
</CodeBlocks_project_file>
